{
    "_readme": [
        "This file locks the dependencies of your project to a known state",
        "Read more about it at https://getcomposer.org/doc/01-basic-usage.md#installing-dependencies",
        "This file is @generated automatically"
    ],
    "content-hash": "1c39d722c457f6e5acb2bf7e1008a869",
    "packages": [
        {
            "name": "ircmaxell/random-lib",
            "version": "v1.0.0",
            "source": {
                "type": "git",
                "url": "https://github.com/ircmaxell/RandomLib.git",
                "reference": "0eaad991c1756842f26dfbcbc6effcabb5003d0a"
            },
            "dist": {
                "type": "zip",
                "url": "https://api.github.com/repos/ircmaxell/RandomLib/zipball/0eaad991c1756842f26dfbcbc6effcabb5003d0a",
                "reference": "0eaad991c1756842f26dfbcbc6effcabb5003d0a",
                "shasum": ""
            },
            "require": {
                "ircmaxell/security-lib": "1.0.*@dev",
                "php": ">=5.3.2"
            },
            "require-dev": {
                "mikey179/vfsstream": "1.1.*"
            },
            "type": "library",
            "extra": {
                "branch-alias": {
                    "dev-master": "1.0.x-dev"
                }
            },
            "autoload": {
                "psr-0": {
                    "RandomLib": "lib"
                }
            },
            "notification-url": "https://packagist.org/downloads/",
            "license": [
                "MIT"
            ],
            "authors": [
                {
                    "name": "Anthony Ferrara",
                    "email": "ircmaxell@ircmaxell.com",
                    "homepage": "http://blog.ircmaxell.com"
                }
            ],
            "description": "A Library For Generating Secure Random Numbers",
            "homepage": "https://github.com/ircmaxell/PHP-RandomLib",
            "keywords": [
                "cryptography",
                "random",
                "random-numbers",
                "random-strings"
            ],
            "support": {
                "issues": "https://github.com/ircmaxell/RandomLib/issues",
                "source": "https://github.com/ircmaxell/RandomLib/tree/master"
            },
            "time": "2013-07-30T17:40:57+00:00"
        },
        {
            "name": "ircmaxell/security-lib",
            "version": "1.0.0",
            "source": {
                "type": "git",
                "url": "https://github.com/ircmaxell/SecurityLib.git",
                "reference": "80934de3c482dcafb46b5756e59ebece082b6dc7"
            },
            "dist": {
                "type": "zip",
                "url": "https://api.github.com/repos/ircmaxell/SecurityLib/zipball/80934de3c482dcafb46b5756e59ebece082b6dc7",
                "reference": "80934de3c482dcafb46b5756e59ebece082b6dc7",
                "shasum": ""
            },
            "require": {
                "php": ">=5.3.2"
            },
            "require-dev": {
                "mikey179/vfsstream": "1.1.*"
            },
            "type": "library",
            "autoload": {
                "psr-0": {
                    "SecurityLib": "lib"
                }
            },
            "notification-url": "https://packagist.org/downloads/",
            "license": [
                "MIT"
            ],
            "authors": [
                {
                    "name": "Anthony Ferrara",
                    "email": "ircmaxell@ircmaxell.com",
                    "homepage": "http://blog.ircmaxell.com"
                }
            ],
            "description": "A Base Security Library",
            "homepage": "https://github.com/ircmaxell/PHP-SecurityLib",
            "support": {
                "issues": "https://github.com/ircmaxell/SecurityLib/issues",
                "source": "https://github.com/ircmaxell/SecurityLib/tree/v1.0.0"
            },
            "time": "2013-04-30T18:00:34+00:00"
        },
        {
            "name": "vektor-inc/vk-breadcrumb",
            "version": "0.0.4",
            "source": {
                "type": "git",
                "url": "https://github.com/vektor-inc/vk-breadcrumb.git",
                "reference": "d323e0597729824532d21795f1a986dbde89ab4e"
            },
            "dist": {
                "type": "zip",
                "url": "https://api.github.com/repos/vektor-inc/vk-breadcrumb/zipball/d323e0597729824532d21795f1a986dbde89ab4e",
                "reference": "d323e0597729824532d21795f1a986dbde89ab4e",
                "shasum": ""
            },
            "require": {
                "vektor-inc/vk-helpers": "^0.0.2"
            },
            "type": "library",
            "autoload": {
                "psr-4": {
                    "VektorInc\\VK_Breadcrumb\\": "src/"
                }
            },
            "notification-url": "https://packagist.org/downloads/",
            "license": [
                "GPL-2.0+"
            ],
            "authors": [
                {
                    "name": "Vektor,Inc.",
                    "email": "kurudrive@gmail.com"
                }
            ],
            "description": "WordPress Bread Crumb Class",
            "support": {
                "issues": "https://github.com/vektor-inc/vk-breadcrumb/issues",
                "source": "https://github.com/vektor-inc/vk-breadcrumb/tree/0.0.4"
            },
            "time": "2022-02-09T05:38:27+00:00"
        },
        {
            "name": "vektor-inc/vk-color-palette-manager",
            "version": "0.0.15",
            "source": {
                "type": "git",
                "url": "https://github.com/vektor-inc/vk-color-palette-manager.git",
                "reference": "699b1d6f99272631bb9978e1cd5bad04ac99e520"
            },
            "dist": {
                "type": "zip",
                "url": "https://api.github.com/repos/vektor-inc/vk-color-palette-manager/zipball/699b1d6f99272631bb9978e1cd5bad04ac99e520",
                "reference": "699b1d6f99272631bb9978e1cd5bad04ac99e520",
                "shasum": ""
            },
            "type": "library",
            "autoload": {
                "psr-4": {
                    "VektorInc\\VK_Color_Palette_Manager\\": "src/"
                }
            },
            "notification-url": "https://packagist.org/downloads/",
            "license": [
                "GPL-2.0+"
            ],
            "authors": [
                {
                    "name": "kurudrive",
                    "email": "kurudrive@gmail.com"
                }
            ],
            "description": "Manage color palette for Gutenberg",
            "support": {
                "issues": "https://github.com/vektor-inc/vk-color-palette-manager/issues",
                "source": "https://github.com/vektor-inc/vk-color-palette-manager/tree/0.0.15"
            },
            "time": "2021-12-02T17:00:03+00:00"
        },
        {
            "name": "vektor-inc/vk-helpers",
            "version": "0.0.2",
            "source": {
                "type": "git",
                "url": "https://github.com/vektor-inc/vk-helpers.git",
                "reference": "320155b9df7f9f57a889e144dd8b379184ac15ec"
            },
            "dist": {
                "type": "zip",
                "url": "https://api.github.com/repos/vektor-inc/vk-helpers/zipball/320155b9df7f9f57a889e144dd8b379184ac15ec",
                "reference": "320155b9df7f9f57a889e144dd8b379184ac15ec",
                "shasum": ""
            },
            "type": "library",
            "autoload": {
                "psr-4": {
                    "VektorInc\\VK_Helpers\\": "src/"
                }
            },
            "notification-url": "https://packagist.org/downloads/",
            "license": [
                "GPL-2.0+"
            ],
            "authors": [
                {
                    "name": "Vektor,Inc.",
                    "email": "kurudrive@gmail.com"
                }
            ],
            "description": "WordPress Helpers Class",
            "support": {
                "issues": "https://github.com/vektor-inc/vk-helpers/issues",
                "source": "https://github.com/vektor-inc/vk-helpers/tree/0.0.2"
            },
            "time": "2022-02-08T18:38:08+00:00"
        }
    ],
    "packages-dev": [],
    "aliases": [],
    "minimum-stability": "stable",
    "stability-flags": [],
    "prefer-stable": false,
    "prefer-lowest": false,
    "platform": [],
    "platform-dev": [],
    "plugin-api-version": "2.1.0"
}
